// !$*UTF8*$!
{
	archiveVersion = 1;
	classes = {
	};
	objectVersion = 56;
	objects = {

/* Begin PBXBuildFile section */
		CEB586412B42CF0C0050AA58 /* MovieResponse.swift in Sources */ = {isa = PBXBuildFile; fileRef = CEB586402B42CF0C0050AA58 /* MovieResponse.swift */; };
		CEB586482B443DC20050AA58 /* TabBar.swift in Sources */ = {isa = PBXBuildFile; fileRef = CEB586472B443DC20050AA58 /* TabBar.swift */; };
		CEB5864B2B4516EE0050AA58 /* СardСontainer.swift in Sources */ = {isa = PBXBuildFile; fileRef = CEB5864A2B4516EE0050AA58 /* СardСontainer.swift */; };
		CEB586512B452A2F0050AA58 /* MovieResponseViewModel.swift in Sources */ = {isa = PBXBuildFile; fileRef = CEB586502B452A2F0050AA58 /* MovieResponseViewModel.swift */; };
		CEB586532B45324F0050AA58 /* SwipeCardView.swift in Sources */ = {isa = PBXBuildFile; fileRef = CEB586522B45324F0050AA58 /* SwipeCardView.swift */; };
		CEB586552B454E980050AA58 /* UIView + extens.swift in Sources */ = {isa = PBXBuildFile; fileRef = CEB586542B454E980050AA58 /* UIView + extens.swift */; };
		CEB5865E2B457C9C0050AA58 /* SwipeCardsDataProtocol.swift in Sources */ = {isa = PBXBuildFile; fileRef = CEB5865D2B457C9C0050AA58 /* SwipeCardsDataProtocol.swift */; };
		CECE68942B4084E900EC6813 /* AppDelegate.swift in Sources */ = {isa = PBXBuildFile; fileRef = CECE68932B4084E900EC6813 /* AppDelegate.swift */; };
		CECE68982B4084E900EC6813 /* GeneralViewController.swift in Sources */ = {isa = PBXBuildFile; fileRef = CECE68972B4084E900EC6813 /* GeneralViewController.swift */; };
		CECE689D2B4084E900EC6813 /* Assets.xcassets in Resources */ = {isa = PBXBuildFile; fileRef = CECE689C2B4084E900EC6813 /* Assets.xcassets */; };
		CECE68A02B4084E900EC6813 /* LaunchScreen.storyboard in Resources */ = {isa = PBXBuildFile; fileRef = CECE689E2B4084E900EC6813 /* LaunchScreen.storyboard */; };
		CECE68A92B40854E00EC6813 /* SnapKit in Frameworks */ = {isa = PBXBuildFile; productRef = CECE68A82B40854E00EC6813 /* SnapKit */; };
		CECE68AB2B40854E00EC6813 /* SnapKit-Dynamic in Frameworks */ = {isa = PBXBuildFile; productRef = CECE68AA2B40854E00EC6813 /* SnapKit-Dynamic */; };
		CECE68AF2B40879D00EC6813 /* GeneralViewModel.swift in Sources */ = {isa = PBXBuildFile; fileRef = CECE68AE2B40879D00EC6813 /* GeneralViewModel.swift */; };
/* End PBXBuildFile section */

/* Begin PBXFileReference section */
		CEB586402B42CF0C0050AA58 /* MovieResponse.swift */ = {isa = PBXFileReference; lastKnownFileType = sourcecode.swift; path = MovieResponse.swift; sourceTree = "<group>"; };
		CEB586472B443DC20050AA58 /* TabBar.swift */ = {isa = PBXFileReference; lastKnownFileType = sourcecode.swift; path = TabBar.swift; sourceTree = "<group>"; };
		CEB5864A2B4516EE0050AA58 /* СardСontainer.swift */ = {isa = PBXFileReference; lastKnownFileType = sourcecode.swift; path = "СardСontainer.swift"; sourceTree = "<group>"; };
		CEB586502B452A2F0050AA58 /* MovieResponseViewModel.swift */ = {isa = PBXFileReference; lastKnownFileType = sourcecode.swift; path = MovieResponseViewModel.swift; sourceTree = "<group>"; };
		CEB586522B45324F0050AA58 /* SwipeCardView.swift */ = {isa = PBXFileReference; lastKnownFileType = sourcecode.swift; path = SwipeCardView.swift; sourceTree = "<group>"; };
		CEB586542B454E980050AA58 /* UIView + extens.swift */ = {isa = PBXFileReference; lastKnownFileType = sourcecode.swift; path = "UIView + extens.swift"; sourceTree = "<group>"; };
		CEB5865D2B457C9C0050AA58 /* SwipeCardsDataProtocol.swift */ = {isa = PBXFileReference; lastKnownFileType = sourcecode.swift; path = SwipeCardsDataProtocol.swift; sourceTree = "<group>"; };
		CECE68902B4084E900EC6813 /* FlicksPicks.app */ = {isa = PBXFileReference; explicitFileType = wrapper.application; includeInIndex = 0; path = FlicksPicks.app; sourceTree = BUILT_PRODUCTS_DIR; };
		CECE68932B4084E900EC6813 /* AppDelegate.swift */ = {isa = PBXFileReference; lastKnownFileType = sourcecode.swift; path = AppDelegate.swift; sourceTree = "<group>"; };
		CECE68972B4084E900EC6813 /* GeneralViewController.swift */ = {isa = PBXFileReference; lastKnownFileType = sourcecode.swift; path = GeneralViewController.swift; sourceTree = "<group>"; };
		CECE689C2B4084E900EC6813 /* Assets.xcassets */ = {isa = PBXFileReference; lastKnownFileType = folder.assetcatalog; path = Assets.xcassets; sourceTree = "<group>"; };
		CECE689F2B4084E900EC6813 /* Base */ = {isa = PBXFileReference; lastKnownFileType = file.storyboard; name = Base; path = Base.lproj/LaunchScreen.storyboard; sourceTree = "<group>"; };
		CECE68A12B4084E900EC6813 /* Info.plist */ = {isa = PBXFileReference; lastKnownFileType = text.plist.xml; path = Info.plist; sourceTree = "<group>"; };
		CECE68AE2B40879D00EC6813 /* GeneralViewModel.swift */ = {isa = PBXFileReference; lastKnownFileType = sourcecode.swift; path = GeneralViewModel.swift; sourceTree = "<group>"; };
/* End PBXFileReference section */

/* Begin PBXFrameworksBuildPhase section */
		CECE688D2B4084E900EC6813 /* Frameworks */ = {
			isa = PBXFrameworksBuildPhase;
			buildActionMask = 2147483647;
			files = (
				CECE68A92B40854E00EC6813 /* SnapKit in Frameworks */,
				CECE68AB2B40854E00EC6813 /* SnapKit-Dynamic in Frameworks */,
			);
			runOnlyForDeploymentPostprocessing = 0;
		};
/* End PBXFrameworksBuildPhase section */

/* Begin PBXGroup section */
		CE7EC6E02B46D78F00EEC570 /* SwipeCardsViewModel */ = {
			isa = PBXGroup;
			children = (
				CEB5865D2B457C9C0050AA58 /* SwipeCardsDataProtocol.swift */,
			);
			path = SwipeCardsViewModel;
			sourceTree = "<group>";
		};
		CEB5863F2B4151560050AA58 /* ViewModel */ = {
			isa = PBXGroup;
			children = (
				CECE68AE2B40879D00EC6813 /* GeneralViewModel.swift */,
				CEB586502B452A2F0050AA58 /* MovieResponseViewModel.swift */,
			);
			path = ViewModel;
			sourceTree = "<group>";
		};
		CEB586422B42CF120050AA58 /* Model */ = {
			isa = PBXGroup;
			children = (
				CEB586402B42CF0C0050AA58 /* MovieResponse.swift */,
			);
			path = Model;
			sourceTree = "<group>";
		};
		CEB5864C2B4516F60050AA58 /* SwipeCards */ = {
			isa = PBXGroup;
			children = (
				CE7EC6E02B46D78F00EEC570 /* SwipeCardsViewModel */,
				CEB5864D2B45184B0050AA58 /* View */,
			);
			path = SwipeCards;
			sourceTree = "<group>";
		};
		CEB5864D2B45184B0050AA58 /* View */ = {
			isa = PBXGroup;
			children = (
				CEB5864A2B4516EE0050AA58 /* СardСontainer.swift */,
				CEB586522B45324F0050AA58 /* SwipeCardView.swift */,
			);
			path = View;
			sourceTree = "<group>";
		};
		CEB586562B45575F0050AA58 /* Extension */ = {
			isa = PBXGroup;
			children = (
				CEB586542B454E980050AA58 /* UIView + extens.swift */,
			);
			path = Extension;
			sourceTree = "<group>";
		};
		CECE68872B4084E900EC6813 = {
			isa = PBXGroup;
			children = (
				CECE68922B4084E900EC6813 /* FlicksPicks */,
				CECE68912B4084E900EC6813 /* Products */,
			);
			sourceTree = "<group>";
		};
		CECE68912B4084E900EC6813 /* Products */ = {
			isa = PBXGroup;
			children = (
				CECE68902B4084E900EC6813 /* FlicksPicks.app */,
			);
			name = Products;
			sourceTree = "<group>";
		};
		CECE68922B4084E900EC6813 /* FlicksPicks */ = {
			isa = PBXGroup;
			children = (
				CECE68932B4084E900EC6813 /* AppDelegate.swift */,
				CEB586472B443DC20050AA58 /* TabBar.swift */,
				CECE68AD2B40876400EC6813 /* GeneralScreen */,
				CEB586562B45575F0050AA58 /* Extension */,
				CECE689C2B4084E900EC6813 /* Assets.xcassets */,
				CECE689E2B4084E900EC6813 /* LaunchScreen.storyboard */,
				CECE68A12B4084E900EC6813 /* Info.plist */,
			);
			path = FlicksPicks;
			sourceTree = "<group>";
		};
		CECE68AC2B40873C00EC6813 /* View */ = {
			isa = PBXGroup;
			children = (
				CECE68972B4084E900EC6813 /* GeneralViewController.swift */,
			);
			path = View;
			sourceTree = "<group>";
		};
		CECE68AD2B40876400EC6813 /* GeneralScreen */ = {
			isa = PBXGroup;
			children = (
				CEB5864C2B4516F60050AA58 /* SwipeCards */,
				CECE68AC2B40873C00EC6813 /* View */,
				CEB5863F2B4151560050AA58 /* ViewModel */,
				CEB586422B42CF120050AA58 /* Model */,
			);
			path = GeneralScreen;
			sourceTree = "<group>";
		};
/* End PBXGroup section */

/* Begin PBXNativeTarget section */
		CECE688F2B4084E900EC6813 /* FlicksPicks */ = {
			isa = PBXNativeTarget;
			buildConfigurationList = CECE68A42B4084E900EC6813 /* Build configuration list for PBXNativeTarget "FlicksPicks" */;
			buildPhases = (
				CECE688C2B4084E900EC6813 /* Sources */,
				CECE688D2B4084E900EC6813 /* Frameworks */,
				CECE688E2B4084E900EC6813 /* Resources */,
			);
			buildRules = (
			);
			dependencies = (
			);
			name = FlicksPicks;
			packageProductDependencies = (
				CECE68A82B40854E00EC6813 /* SnapKit */,
				CECE68AA2B40854E00EC6813 /* SnapKit-Dynamic */,
			);
			productName = FlicksPicks;
			productReference = CECE68902B4084E900EC6813 /* FlicksPicks.app */;
			productType = "com.apple.product-type.application";
		};
/* End PBXNativeTarget section */

/* Begin PBXProject section */
		CECE68882B4084E900EC6813 /* Project object */ = {
			isa = PBXProject;
			attributes = {
				BuildIndependentTargetsInParallel = 1;
				LastSwiftUpdateCheck = 1510;
				LastUpgradeCheck = 1510;
				TargetAttributes = {
					CECE688F2B4084E900EC6813 = {
						CreatedOnToolsVersion = 15.1;
					};
				};
			};
			buildConfigurationList = CECE688B2B4084E900EC6813 /* Build configuration list for PBXProject "FlicksPicks" */;
			compatibilityVersion = "Xcode 14.0";
			developmentRegion = en;
			hasScannedForEncodings = 0;
			knownRegions = (
				en,
				Base,
			);
			mainGroup = CECE68872B4084E900EC6813;
			packageReferences = (
				CECE68A72B40854E00EC6813 /* XCRemoteSwiftPackageReference "SnapKit" */,
			);
			productRefGroup = CECE68912B4084E900EC6813 /* Products */;
			projectDirPath = "";
			projectRoot = "";
			targets = (
				CECE688F2B4084E900EC6813 /* FlicksPicks */,
			);
		};
/* End PBXProject section */

/* Begin PBXResourcesBuildPhase section */
		CECE688E2B4084E900EC6813 /* Resources */ = {
			isa = PBXResourcesBuildPhase;
			buildActionMask = 2147483647;
			files = (
				CECE68A02B4084E900EC6813 /* LaunchScreen.storyboard in Resources */,
				CECE689D2B4084E900EC6813 /* Assets.xcassets in Resources */,
			);
			runOnlyForDeploymentPostprocessing = 0;
		};
/* End PBXResourcesBuildPhase section */

/* Begin PBXSourcesBuildPhase section */
		CECE688C2B4084E900EC6813 /* Sources */ = {
			isa = PBXSourcesBuildPhase;
			buildActionMask = 2147483647;
			files = (
				CECE68982B4084E900EC6813 /* GeneralViewController.swift in Sources */,
				CECE68942B4084E900EC6813 /* AppDelegate.swift in Sources */,
				CEB586512B452A2F0050AA58 /* MovieResponseViewModel.swift in Sources */,
				CEB586552B454E980050AA58 /* UIView + extens.swift in Sources */,
				CEB586532B45324F0050AA58 /* SwipeCardView.swift in Sources */,
				CEB5865E2B457C9C0050AA58 /* SwipeCardsDataProtocol.swift in Sources */,
				CEB586412B42CF0C0050AA58 /* MovieResponse.swift in Sources */,
				CECE68AF2B40879D00EC6813 /* GeneralViewModel.swift in Sources */,
				CEB586482B443DC20050AA58 /* TabBar.swift in Sources */,
				CEB5864B2B4516EE0050AA58 /* СardСontainer.swift in Sources */,
			);
			runOnlyForDeploymentPostprocessing = 0;
		};
/* End PBXSourcesBuildPhase section */

/* Begin PBXVariantGroup section */
		CECE689E2B4084E900EC6813 /* LaunchScreen.storyboard */ = {
			isa = PBXVariantGroup;
			children = (
				CECE689F2B4084E900EC6813 /* Base */,
			);
			name = LaunchScreen.storyboard;
			sourceTree = "<group>";
		};
/* End PBXVariantGroup section */

/* Begin XCBuildConfiguration section */
		CECE68A22B4084E900EC6813 /* Debug */ = {
			isa = XCBuildConfiguration;
			buildSettings = {
				ALWAYS_SEARCH_USER_PATHS = NO;
				ASSETCATALOG_COMPILER_GENERATE_SWIFT_ASSET_SYMBOL_EXTENSIONS = YES;
				CLANG_ANALYZER_NONNULL = YES;
				CLANG_ANALYZER_NUMBER_OBJECT_CONVERSION = YES_AGGRESSIVE;
				CLANG_CXX_LANGUAGE_STANDARD = "gnu++20";
				CLANG_ENABLE_MODULES = YES;
				CLANG_ENABLE_OBJC_ARC = YES;
				CLANG_ENABLE_OBJC_WEAK = YES;
				CLANG_WARN_BLOCK_CAPTURE_AUTORELEASING = YES;
				CLANG_WARN_BOOL_CONVERSION = YES;
				CLANG_WARN_COMMA = YES;
				CLANG_WARN_CONSTANT_CONVERSION = YES;
				CLANG_WARN_DEPRECATED_OBJC_IMPLEMENTATIONS = YES;
				CLANG_WARN_DIRECT_OBJC_ISA_USAGE = YES_ERROR;
				CLANG_WARN_DOCUMENTATION_COMMENTS = YES;
				CLANG_WARN_EMPTY_BODY = YES;
				CLANG_WARN_ENUM_CONVERSION = YES;
				CLANG_WARN_INFINITE_RECURSION = YES;
				CLANG_WARN_INT_CONVERSION = YES;
				CLANG_WARN_NON_LITERAL_NULL_CONVERSION = YES;
				CLANG_WARN_OBJC_IMPLICIT_RETAIN_SELF = YES;
				CLANG_WARN_OBJC_LITERAL_CONVERSION = YES;
				CLANG_WARN_OBJC_ROOT_CLASS = YES_ERROR;
				CLANG_WARN_QUOTED_INCLUDE_IN_FRAMEWORK_HEADER = YES;
				CLANG_WARN_RANGE_LOOP_ANALYSIS = YES;
				CLANG_WARN_STRICT_PROTOTYPES = YES;
				CLANG_WARN_SUSPICIOUS_MOVE = YES;
				CLANG_WARN_UNGUARDED_AVAILABILITY = YES_AGGRESSIVE;
				CLANG_WARN_UNREACHABLE_CODE = YES;
				CLANG_WARN__DUPLICATE_METHOD_MATCH = YES;
				COPY_PHASE_STRIP = NO;
				DEBUG_INFORMATION_FORMAT = dwarf;
				ENABLE_STRICT_OBJC_MSGSEND = YES;
				ENABLE_TESTABILITY = YES;
				ENABLE_USER_SCRIPT_SANDBOXING = YES;
				GCC_C_LANGUAGE_STANDARD = gnu17;
				GCC_DYNAMIC_NO_PIC = NO;
				GCC_NO_COMMON_BLOCKS = YES;
				GCC_OPTIMIZATION_LEVEL = 0;
				GCC_PREPROCESSOR_DEFINITIONS = (
					"DEBUG=1",
					"$(inherited)",
				);
				GCC_WARN_64_TO_32_BIT_CONVERSION = YES;
				GCC_WARN_ABOUT_RETURN_TYPE = YES_ERROR;
				GCC_WARN_UNDECLARED_SELECTOR = YES;
				GCC_WARN_UNINITIALIZED_AUTOS = YES_AGGRESSIVE;
				GCC_WARN_UNUSED_FUNCTION = YES;
				GCC_WARN_UNUSED_VARIABLE = YES;
				IPHONEOS_DEPLOYMENT_TARGET = 17.2;
				LOCALIZATION_PREFERS_STRING_CATALOGS = YES;
				MTL_ENABLE_DEBUG_INFO = INCLUDE_SOURCE;
				MTL_FAST_MATH = YES;
				ONLY_ACTIVE_ARCH = YES;
				SDKROOT = iphoneos;
				SWIFT_ACTIVE_COMPILATION_CONDITIONS = "DEBUG $(inherited)";
				SWIFT_OPTIMIZATION_LEVEL = "-Onone";
			};
			name = Debug;
		};
		CECE68A32B4084E900EC6813 /* Release */ = {
			isa = XCBuildConfiguration;
			buildSettings = {
				ALWAYS_SEARCH_USER_PATHS = NO;
				ASSETCATALOG_COMPILER_GENERATE_SWIFT_ASSET_SYMBOL_EXTENSIONS = YES;
				CLANG_ANALYZER_NONNULL = YES;
				CLANG_ANALYZER_NUMBER_OBJECT_CONVERSION = YES_AGGRESSIVE;
				CLANG_CXX_LANGUAGE_STANDARD = "gnu++20";
				CLANG_ENABLE_MODULES = YES;
				CLANG_ENABLE_OBJC_ARC = YES;
				CLANG_ENABLE_OBJC_WEAK = YES;
				CLANG_WARN_BLOCK_CAPTURE_AUTORELEASING = YES;
				CLANG_WARN_BOOL_CONVERSION = YES;
				CLANG_WARN_COMMA = YES;
				CLANG_WARN_CONSTANT_CONVERSION = YES;
				CLANG_WARN_DEPRECATED_OBJC_IMPLEMENTATIONS = YES;
				CLANG_WARN_DIRECT_OBJC_ISA_USAGE = YES_ERROR;
				CLANG_WARN_DOCUMENTATION_COMMENTS = YES;
				CLANG_WARN_EMPTY_BODY = YES;
				CLANG_WARN_ENUM_CONVERSION = YES;
				CLANG_WARN_INFINITE_RECURSION = YES;
				CLANG_WARN_INT_CONVERSION = YES;
				CLANG_WARN_NON_LITERAL_NULL_CONVERSION = YES;
				CLANG_WARN_OBJC_IMPLICIT_RETAIN_SELF = YES;
				CLANG_WARN_OBJC_LITERAL_CONVERSION = YES;
				CLANG_WARN_OBJC_ROOT_CLASS = YES_ERROR;
				CLANG_WARN_QUOTED_INCLUDE_IN_FRAMEWORK_HEADER = YES;
				CLANG_WARN_RANGE_LOOP_ANALYSIS = YES;
				CLANG_WARN_STRICT_PROTOTYPES = YES;
				CLANG_WARN_SUSPICIOUS_MOVE = YES;
				CLANG_WARN_UNGUARDED_AVAILABILITY = YES_AGGRESSIVE;
				CLANG_WARN_UNREACHABLE_CODE = YES;
				CLANG_WARN__DUPLICATE_METHOD_MATCH = YES;
				COPY_PHASE_STRIP = NO;
				DEBUG_INFORMATION_FORMAT = "dwarf-with-dsym";
				ENABLE_NS_ASSERTIONS = NO;
				ENABLE_STRICT_OBJC_MSGSEND = YES;
				ENABLE_USER_SCRIPT_SANDBOXING = YES;
				GCC_C_LANGUAGE_STANDARD = gnu17;
				GCC_NO_COMMON_BLOCKS = YES;
				GCC_WARN_64_TO_32_BIT_CONVERSION = YES;
				GCC_WARN_ABOUT_RETURN_TYPE = YES_ERROR;
				GCC_WARN_UNDECLARED_SELECTOR = YES;
				GCC_WARN_UNINITIALIZED_AUTOS = YES_AGGRESSIVE;
				GCC_WARN_UNUSED_FUNCTION = YES;
				GCC_WARN_UNUSED_VARIABLE = YES;
				IPHONEOS_DEPLOYMENT_TARGET = 17.2;
				LOCALIZATION_PREFERS_STRING_CATALOGS = YES;
				MTL_ENABLE_DEBUG_INFO = NO;
				MTL_FAST_MATH = YES;
				SDKROOT = iphoneos;
				SWIFT_COMPILATION_MODE = wholemodule;
				VALIDATE_PRODUCT = YES;
			};
			name = Release;
		};
		CECE68A52B4084E900EC6813 /* Debug */ = {
			isa = XCBuildConfiguration;
			buildSettings = {
				ASSETCATALOG_COMPILER_APPICON_NAME = AppIcon;
				ASSETCATALOG_COMPILER_GLOBAL_ACCENT_COLOR_NAME = AccentColor;
				CODE_SIGN_STYLE = Automatic;
				CURRENT_PROJECT_VERSION = 1;
				GENERATE_INFOPLIST_FILE = YES;
				INFOPLIST_FILE = FlicksPicks/Info.plist;
				INFOPLIST_KEY_UIApplicationSupportsIndirectInputEvents = YES;
				INFOPLIST_KEY_UILaunchStoryboardName = LaunchScreen;
				INFOPLIST_KEY_UISupportedInterfaceOrientations_iPad = "UIInterfaceOrientationPortrait UIInterfaceOrientationPortraitUpsideDown UIInterfaceOrientationLandscapeLeft UIInterfaceOrientationLandscapeRight";
				INFOPLIST_KEY_UISupportedInterfaceOrientations_iPhone = "UIInterfaceOrientationPortrait UIInterfaceOrientationLandscapeLeft UIInterfaceOrientationLandscapeRight";
				LD_RUNPATH_SEARCH_PATHS = (
					"$(inherited)",
					"@executable_path/Frameworks",
				);
				MARKETING_VERSION = 1.0;
				PRODUCT_BUNDLE_IDENTIFIER = iam.FlicksPicks;
				PRODUCT_NAME = "$(TARGET_NAME)";
				SWIFT_EMIT_LOC_STRINGS = YES;
				SWIFT_VERSION = 5.0;
				TARGETED_DEVICE_FAMILY = "1,2";
			};
			name = Debug;
		};
		CECE68A62B4084E900EC6813 /* Release */ = {
			isa = XCBuildConfiguration;
			buildSettings = {
				ASSETCATALOG_COMPILER_APPICON_NAME = AppIcon;
				ASSETCATALOG_COMPILER_GLOBAL_ACCENT_COLOR_NAME = AccentColor;
				CODE_SIGN_STYLE = Automatic;
				CURRENT_PROJECT_VERSION = 1;
				GENERATE_INFOPLIST_FILE = YES;
				INFOPLIST_FILE = FlicksPicks/Info.plist;
				INFOPLIST_KEY_UIApplicationSupportsIndirectInputEvents = YES;
				INFOPLIST_KEY_UILaunchStoryboardName = LaunchScreen;
				INFOPLIST_KEY_UISupportedInterfaceOrientations_iPad = "UIInterfaceOrientationPortrait UIInterfaceOrientationPortraitUpsideDown UIInterfaceOrientationLandscapeLeft UIInterfaceOrientationLandscapeRight";
				INFOPLIST_KEY_UISupportedInterfaceOrientations_iPhone = "UIInterfaceOrientationPortrait UIInterfaceOrientationLandscapeLeft UIInterfaceOrientationLandscapeRight";
				LD_RUNPATH_SEARCH_PATHS = (
					"$(inherited)",
					"@executable_path/Frameworks",
				);
				MARKETING_VERSION = 1.0;
				PRODUCT_BUNDLE_IDENTIFIER = iam.FlicksPicks;
				PRODUCT_NAME = "$(TARGET_NAME)";
				SWIFT_EMIT_LOC_STRINGS = YES;
				SWIFT_VERSION = 5.0;
				TARGETED_DEVICE_FAMILY = "1,2";
			};
			name = Release;
		};
/* End XCBuildConfiguration section */

/* Begin XCConfigurationList section */
		CECE688B2B4084E900EC6813 /* Build configuration list for PBXProject "FlicksPicks" */ = {
			isa = XCConfigurationList;
			buildConfigurations = (
				CECE68A22B4084E900EC6813 /* Debug */,
				CECE68A32B4084E900EC6813 /* Release */,
			);
			defaultConfigurationIsVisible = 0;
			defaultConfigurationName = Release;
		};
		CECE68A42B4084E900EC6813 /* Build configuration list for PBXNativeTarget "FlicksPicks" */ = {
			isa = XCConfigurationList;
			buildConfigurations = (
				CECE68A52B4084E900EC6813 /* Debug */,
				CECE68A62B4084E900EC6813 /* Release */,
			);
			defaultConfigurationIsVisible = 0;
			defaultConfigurationName = Release;
		};
/* End XCConfigurationList section */

/* Begin XCRemoteSwiftPackageReference section */
		CECE68A72B40854E00EC6813 /* XCRemoteSwiftPackageReference "SnapKit" */ = {
			isa = XCRemoteSwiftPackageReference;
			repositoryURL = "https://github.com/SnapKit/SnapKit";
			requirement = {
				kind = upToNextMajorVersion;
				minimumVersion = 5.6.0;
			};
		};
/* End XCRemoteSwiftPackageReference section */

/* Begin XCSwiftPackageProductDependency section */
		CECE68A82B40854E00EC6813 /* SnapKit */ = {
			isa = XCSwiftPackageProductDependency;
			package = CECE68A72B40854E00EC6813 /* XCRemoteSwiftPackageReference "SnapKit" */;
			productName = SnapKit;
		};
		CECE68AA2B40854E00EC6813 /* SnapKit-Dynamic */ = {
			isa = XCSwiftPackageProductDependency;
			package = CECE68A72B40854E00EC6813 /* XCRemoteSwiftPackageReference "SnapKit" */;
			productName = "SnapKit-Dynamic";
		};
/* End XCSwiftPackageProductDependency section */
	};
	rootObject = CECE68882B4084E900EC6813 /* Project object */;
}
